<?xml version="1.0" encoding="utf-8"?>
<Project ToolsVersion="4.0" xmlns="http://schemas.microsoft.com/developer/msbuild/2003">
  <ItemGroup>
    <Filter Include="00.System">
      <UniqueIdentifier>{b2d479a3-55d6-47ab-adab-d90b4a5e750c}</UniqueIdentifier>
    </Filter>
    <Filter Include="01.Utiltiy">
      <UniqueIdentifier>{a3529259-ffc5-412e-9d9a-1e872134cec1}</UniqueIdentifier>
    </Filter>
    <Filter Include="01.Utiltiy\99.Super">
      <UniqueIdentifier>{27ae1524-ddaa-40e8-a2b1-7074a841dcc7}</UniqueIdentifier>
    </Filter>
    <Filter Include="99.Defines">
      <UniqueIdentifier>{cd0b9cfb-78f2-4c46-84e0-e82bbe5dae30}</UniqueIdentifier>
    </Filter>
    <Filter Include="00.System\00.Timer">
      <UniqueIdentifier>{cbd524ed-ae40-470c-b6d8-00f9f1af5ac8}</UniqueIdentifier>
    </Filter>
    <Filter Include="00.System\01.Device">
      <UniqueIdentifier>{1e2af600-6e9e-45e6-b2d3-0760ec2d75b8}</UniqueIdentifier>
    </Filter>
    <Filter Include="00.System\00.Timer\Manager">
      <UniqueIdentifier>{a30b1084-b34e-419d-bb1d-1f1f5c8d3fd7}</UniqueIdentifier>
    </Filter>
    <Filter Include="01.Utiltiy\00.GameInstance">
      <UniqueIdentifier>{aa6f228e-028d-4efd-b2f3-39052d369412}</UniqueIdentifier>
    </Filter>
    <Filter Include="01.Utiltiy\02.Level">
      <UniqueIdentifier>{d2acafff-f010-42f6-92f5-eb2ab8db46b9}</UniqueIdentifier>
    </Filter>
    <Filter Include="01.Utiltiy\03.GameObjects">
      <UniqueIdentifier>{68ba6cd0-6b14-4dc9-9336-cec267f20f0d}</UniqueIdentifier>
    </Filter>
    <Filter Include="01.Utiltiy\04.Component">
      <UniqueIdentifier>{2f7b0f55-c192-41e7-bb1e-3795db1aeefc}</UniqueIdentifier>
    </Filter>
    <Filter Include="01.Utiltiy\04.Component\02.MonoBehaviour">
      <UniqueIdentifier>{eb3fe51d-7f63-4c54-877e-1af4cdc714ec}</UniqueIdentifier>
    </Filter>
    <Filter Include="01.Utiltiy\04.Component\01.Transform">
      <UniqueIdentifier>{64470ad9-1383-4161-bd9b-c13429f01cf1}</UniqueIdentifier>
    </Filter>
    <Filter Include="01.Utiltiy\04.Component\00.ComponentBase">
      <UniqueIdentifier>{dc27f63e-4de2-42fa-8a83-9fd51d71366e}</UniqueIdentifier>
    </Filter>
    <Filter Include="01.Utiltiy\01.Managers">
      <UniqueIdentifier>{4e94d4b5-ea9a-48d2-b5a7-538edb9cc1ad}</UniqueIdentifier>
    </Filter>
    <Filter Include="98.Utils">
      <UniqueIdentifier>{9b481797-b051-40d9-84e3-d6453d71b21c}</UniqueIdentifier>
    </Filter>
    <Filter Include="01.Utiltiy\03.GameObjects\00.GameObjectBase">
      <UniqueIdentifier>{1a55ebbe-d440-49e8-95f0-945ed6ad9330}</UniqueIdentifier>
    </Filter>
    <Filter Include="01.Utiltiy\01.Managers\00.LevelManager">
      <UniqueIdentifier>{da26101b-b96a-4e1f-bda4-a436441cd5b5}</UniqueIdentifier>
    </Filter>
    <Filter Include="01.Utiltiy\01.Managers\02.ComponentManager">
      <UniqueIdentifier>{7968f281-42c6-4235-8f9b-215c2a933d89}</UniqueIdentifier>
    </Filter>
    <Filter Include="01.Utiltiy\01.Managers\03.EventManager">
      <UniqueIdentifier>{71e431b6-1248-4eae-8d6f-9a5c954d0617}</UniqueIdentifier>
    </Filter>
    <Filter Include="01.Utiltiy\01.Managers\01.ObjectManager">
      <UniqueIdentifier>{efa8cf04-88a3-436d-9b7d-2be308ea95d9}</UniqueIdentifier>
    </Filter>
    <Filter Include="00.System\01.Device\00.Graphic">
      <UniqueIdentifier>{2c4888b0-db31-45ba-aa7a-78d5f0a2132d}</UniqueIdentifier>
    </Filter>
    <Filter Include="00.System\01.Device\01.Input">
      <UniqueIdentifier>{75b2ff63-23ce-4fa2-8ece-495b3ab3039f}</UniqueIdentifier>
    </Filter>
    <Filter Include="00.System\01.Device\02.Sound">
      <UniqueIdentifier>{17de0ee4-1c0e-4c51-976d-f48e8f089447}</UniqueIdentifier>
    </Filter>
    <Filter Include="00.System\01.Device\02.Sound\FMOD">
      <UniqueIdentifier>{a31d6a5c-9820-429d-98db-05acf5c33729}</UniqueIdentifier>
    </Filter>
    <Filter Include="00.System\02.KeyManager">
      <UniqueIdentifier>{c78b08b1-9e6d-4c42-823c-2931b1cd14c6}</UniqueIdentifier>
    </Filter>
    <Filter Include="00.System\03.Deffered">
      <UniqueIdentifier>{97b07c4c-a2b7-4856-b034-d309626d70d5}</UniqueIdentifier>
    </Filter>
    <Filter Include="00.System\03.Deffered\00.TargetManager">
      <UniqueIdentifier>{229fb6c8-034a-4d19-b143-30c5ba48129c}</UniqueIdentifier>
    </Filter>
    <Filter Include="00.System\03.Deffered\01.RenderTarget">
      <UniqueIdentifier>{36452250-b878-4f4d-9af3-19810795a8d2}</UniqueIdentifier>
    </Filter>
    <Filter Include="01.Utiltiy\01.Managers\04.PipeLine">
      <UniqueIdentifier>{49702ad5-04bd-43de-b16c-ccea0713acd8}</UniqueIdentifier>
    </Filter>
    <Filter Include="01.Utiltiy\01.Managers\05.LightManager">
      <UniqueIdentifier>{63bf0bdc-c567-4f85-b09a-2168b82bf334}</UniqueIdentifier>
    </Filter>
    <Filter Include="01.Utiltiy\01.Managers\06.CameraManager">
      <UniqueIdentifier>{eb362217-7826-4ea1-a1a3-e93e59e38e25}</UniqueIdentifier>
    </Filter>
    <Filter Include="01.Utiltiy\01.Managers\07.ShaderManager">
      <UniqueIdentifier>{91e43967-acbd-4c97-bd1e-0976f90d7976}</UniqueIdentifier>
    </Filter>
    <Filter Include="01.Utiltiy\01.Managers\08.SoundManager">
      <UniqueIdentifier>{bcba0e35-4e7c-4a58-9bc8-63ae0768a8e0}</UniqueIdentifier>
    </Filter>
    <Filter Include="01.Utiltiy\02.Level\Layer">
      <UniqueIdentifier>{8c2666f7-7eb6-4c1f-98fa-b493cdf2443c}</UniqueIdentifier>
    </Filter>
    <Filter Include="01.Utiltiy\04.Component\03.Buffer">
      <UniqueIdentifier>{054960ac-dff2-4681-be68-e0df69143c6c}</UniqueIdentifier>
    </Filter>
    <Filter Include="01.Utiltiy\04.Component\03.Buffer\Rect">
      <UniqueIdentifier>{412829eb-f2b5-4760-823b-3dbd9992a3cc}</UniqueIdentifier>
    </Filter>
    <Filter Include="01.Utiltiy\04.Component\03.Buffer\Cube">
      <UniqueIdentifier>{df91b36b-28fd-40bd-8917-c5a7fed05ce4}</UniqueIdentifier>
    </Filter>
    <Filter Include="01.Utiltiy\04.Component\03.Buffer\Debug">
      <UniqueIdentifier>{7a7f8416-5029-409e-90b4-c7880d5bc385}</UniqueIdentifier>
    </Filter>
    <Filter Include="01.Utiltiy\04.Component\03.Buffer\Base">
      <UniqueIdentifier>{1bd2348f-60a2-4d93-b7ab-43f10ba67e11}</UniqueIdentifier>
    </Filter>
    <Filter Include="01.Utiltiy\04.Component\03.Buffer\Instance">
      <UniqueIdentifier>{6336c820-c8c2-4239-9081-bbc16e7d47fe}</UniqueIdentifier>
    </Filter>
    <Filter Include="01.Utiltiy\04.Component\03.Buffer\StructuredBuffer">
      <UniqueIdentifier>{29c64f62-f767-46f8-b180-c0c1aa5940d3}</UniqueIdentifier>
    </Filter>
    <Filter Include="01.Utiltiy\04.Component\03.Buffer\Sphere">
      <UniqueIdentifier>{4fcfa6cd-9d60-4254-9304-db33e4cc3c13}</UniqueIdentifier>
    </Filter>
    <Filter Include="01.Utiltiy\04.Component\04.Shader">
      <UniqueIdentifier>{59f190c9-1d8f-4887-9b11-d64f61406c89}</UniqueIdentifier>
    </Filter>
    <Filter Include="01.Utiltiy\04.Component\04.Shader\ShaderFiles">
      <UniqueIdentifier>{138519d8-a1c4-4005-b2b0-7879c16c1854}</UniqueIdentifier>
    </Filter>
    <Filter Include="01.Utiltiy\04.Component\05.Renderer">
      <UniqueIdentifier>{15fe4fbd-6c18-467c-9742-0006c1b4371d}</UniqueIdentifier>
    </Filter>
    <Filter Include="01.Utiltiy\04.Component\06.Texture">
      <UniqueIdentifier>{fa466c96-fdbf-488c-b6fe-6df77cb7468b}</UniqueIdentifier>
    </Filter>
    <Filter Include="01.Utiltiy\04.Component\07.Camera">
      <UniqueIdentifier>{914bfac7-bfca-467b-8c41-8be38d4d6f0a}</UniqueIdentifier>
    </Filter>
    <Filter Include="01.Utiltiy\04.Component\08.Terrain">
      <UniqueIdentifier>{cb0ac57e-8a23-43c2-b320-cafdcb56cc29}</UniqueIdentifier>
    </Filter>
    <Filter Include="01.Utiltiy\04.Component\09.Model">
      <UniqueIdentifier>{27942782-b4a2-499e-9b48-2e41cce64985}</UniqueIdentifier>
    </Filter>
    <Filter Include="01.Utiltiy\04.Component\09.Model\00.Bone">
      <UniqueIdentifier>{8e7de421-9933-411e-944f-e4f2db0b4482}</UniqueIdentifier>
    </Filter>
    <Filter Include="01.Utiltiy\04.Component\09.Model\00.Bone\Socket">
      <UniqueIdentifier>{22da5036-a8c8-4fe7-b35c-bd6c3a914c1c}</UniqueIdentifier>
    </Filter>
    <Filter Include="01.Utiltiy\04.Component\09.Model\02.Animation">
      <UniqueIdentifier>{1b419f23-da88-4885-af05-f5f653656b54}</UniqueIdentifier>
    </Filter>
    <Filter Include="01.Utiltiy\04.Component\09.Model\02.Animation\Channel">
      <UniqueIdentifier>{5fadecdb-ec3b-46a0-828a-662acf5a62bc}</UniqueIdentifier>
    </Filter>
    <Filter Include="01.Utiltiy\04.Component\09.Model\02.Animation\Animation">
      <UniqueIdentifier>{e1b6659f-0502-4a65-90bb-2eb89005b1ff}</UniqueIdentifier>
    </Filter>
    <Filter Include="01.Utiltiy\04.Component\09.Model\01.Mesh">
      <UniqueIdentifier>{ca11ab3f-e0c9-44a0-9e86-9f5eafa4d113}</UniqueIdentifier>
    </Filter>
    <Filter Include="01.Utiltiy\04.Component\10.NavMeshAgent">
      <UniqueIdentifier>{228aeb8a-e769-4144-8fe0-1ab558dba68d}</UniqueIdentifier>
    </Filter>
    <Filter Include="01.Utiltiy\04.Component\10.NavMeshAgent\Cell">
      <UniqueIdentifier>{63aca66b-9f37-4d0a-95c8-02be847199b3}</UniqueIdentifier>
    </Filter>
    <Filter Include="01.Utiltiy\04.Component\10.NavMeshAgent\NSHelper">
      <UniqueIdentifier>{3a2d86c4-34a6-4d96-813b-15e06080d4eb}</UniqueIdentifier>
    </Filter>
    <Filter Include="01.Utiltiy\04.Component\11.Light">
      <UniqueIdentifier>{40d05749-601c-46cb-8de7-915740860bef}</UniqueIdentifier>
    </Filter>
  </ItemGroup>
  <ItemGroup>
    <ClInclude Include="..\public\Base.h">
      <Filter>01.Utiltiy\99.Super</Filter>
    </ClInclude>
    <ClInclude Include="..\Public\Engine_Defines.h">
      <Filter>99.Defines</Filter>
    </ClInclude>
    <ClInclude Include="..\Public\Engine_Macro.h">
      <Filter>99.Defines</Filter>
    </ClInclude>
    <ClInclude Include="..\Public\Engine_Struct.h">
      <Filter>99.Defines</Filter>
    </ClInclude>
    <ClInclude Include="..\Public\Engine_Typedef.h">
      <Filter>99.Defines</Filter>
    </ClInclude>
    <ClInclude Include="..\Public\Engine_Function.h">
      <Filter>99.Defines</Filter>
    </ClInclude>
    <ClInclude Include="..\Public\Timer.h">
      <Filter>00.System\00.Timer</Filter>
    </ClInclude>
    <ClInclude Include="..\Public\TimerManager.h">
      <Filter>00.System\00.Timer\Manager</Filter>
    </ClInclude>
    <ClInclude Include="..\Public\GraphicDevice.h">
      <Filter>00.System\01.Device\00.Graphic</Filter>
    </ClInclude>
    <ClInclude Include="..\public\GameInstance.h">
      <Filter>01.Utiltiy\00.GameInstance</Filter>
    </ClInclude>
    <ClInclude Include="..\public\Level.h">
      <Filter>01.Utiltiy\02.Level</Filter>
    </ClInclude>
    <ClInclude Include="..\public\Layer.h">
      <Filter>01.Utiltiy\02.Level\Layer</Filter>
    </ClInclude>
    <ClInclude Include="..\public\Renderer.h">
      <Filter>01.Utiltiy\04.Component\05.Renderer</Filter>
    </ClInclude>
    <ClInclude Include="..\public\ComponentManager.h">
      <Filter>01.Utiltiy\01.Managers\02.ComponentManager</Filter>
    </ClInclude>
    <ClInclude Include="..\public\VIBuffer_Rect.h">
      <Filter>01.Utiltiy\04.Component\03.Buffer\Rect</Filter>
    </ClInclude>
    <ClInclude Include="..\public\Shader.h">
      <Filter>01.Utiltiy\04.Component\04.Shader</Filter>
    </ClInclude>
    <ClInclude Include="..\public\Texture.h">
      <Filter>01.Utiltiy\04.Component\06.Texture</Filter>
    </ClInclude>
    <ClInclude Include="..\Public\MonoBehaviour.h">
      <Filter>01.Utiltiy\04.Component\02.MonoBehaviour</Filter>
    </ClInclude>
    <ClInclude Include="..\public\Component.h">
      <Filter>01.Utiltiy\04.Component\00.ComponentBase</Filter>
    </ClInclude>
    <ClInclude Include="..\Public\SimpleMath.h">
      <Filter>98.Utils</Filter>
    </ClInclude>
    <ClInclude Include="..\Public\Utils.h">
      <Filter>98.Utils</Filter>
    </ClInclude>
    <ClInclude Include="..\Public\Engine_Enum.h">
      <Filter>99.Defines</Filter>
    </ClInclude>
    <ClInclude Include="..\Public\Camera.h">
      <Filter>01.Utiltiy\04.Component\07.Camera</Filter>
    </ClInclude>
    <ClInclude Include="..\public\LevelManager.h">
      <Filter>01.Utiltiy\01.Managers\00.LevelManager</Filter>
    </ClInclude>
    <ClInclude Include="..\public\ObjectManager.h">
      <Filter>01.Utiltiy\01.Managers\01.ObjectManager</Filter>
    </ClInclude>
    <ClInclude Include="..\Public\Terrain.h">
      <Filter>01.Utiltiy\04.Component\08.Terrain</Filter>
    </ClInclude>
    <ClInclude Include="..\Public\FileUtils.h">
      <Filter>98.Utils</Filter>
    </ClInclude>
    <ClInclude Include="..\public\GameObject.h">
      <Filter>01.Utiltiy\03.GameObjects\00.GameObjectBase</Filter>
    </ClInclude>
    <ClInclude Include="..\Public\InputDevice.h">
      <Filter>00.System\01.Device\01.Input</Filter>
    </ClInclude>
    <ClInclude Include="..\Public\EventManager.h">
      <Filter>01.Utiltiy\01.Managers\03.EventManager</Filter>
    </ClInclude>
    <ClInclude Include="..\Public\Transform.h">
      <Filter>01.Utiltiy\04.Component\01.Transform</Filter>
    </ClInclude>
    <ClInclude Include="..\Public\VIBuffer_Cube.h">
      <Filter>01.Utiltiy\04.Component\03.Buffer\Cube</Filter>
    </ClInclude>
    <ClInclude Include="..\Public\MurmurHash3.h">
      <Filter>98.Utils</Filter>
    </ClInclude>
    <ClInclude Include="..\Public\KeyManager.h">
      <Filter>00.System\02.KeyManager</Filter>
    </ClInclude>
    <ClInclude Include="..\Public\PipeLine.h">
      <Filter>01.Utiltiy\01.Managers\04.PipeLine</Filter>
    </ClInclude>
    <ClInclude Include="..\Public\VIBuffer_Grid.h">
      <Filter>01.Utiltiy\04.Component\03.Buffer\Debug</Filter>
    </ClInclude>
    <ClInclude Include="..\Public\DebugDraw.h">
      <Filter>98.Utils</Filter>
    </ClInclude>
    <ClInclude Include="..\Public\Model.h">
      <Filter>01.Utiltiy\04.Component\09.Model</Filter>
    </ClInclude>
    <ClInclude Include="..\Public\Mesh.h">
      <Filter>01.Utiltiy\04.Component\09.Model\01.Mesh</Filter>
    </ClInclude>
    <ClInclude Include="..\Public\Bone.h">
      <Filter>01.Utiltiy\04.Component\09.Model\00.Bone</Filter>
    </ClInclude>
    <ClInclude Include="..\Public\Animation.h">
      <Filter>01.Utiltiy\04.Component\09.Model\02.Animation\Animation</Filter>
    </ClInclude>
    <ClInclude Include="..\Public\Channel.h">
      <Filter>01.Utiltiy\04.Component\09.Model\02.Animation\Channel</Filter>
    </ClInclude>
    <ClInclude Include="..\Public\Socket.h">
      <Filter>01.Utiltiy\04.Component\09.Model\00.Bone\Socket</Filter>
    </ClInclude>
    <ClInclude Include="..\Public\CameraManager.h">
      <Filter>01.Utiltiy\01.Managers\06.CameraManager</Filter>
    </ClInclude>
    <ClInclude Include="..\Public\Hasher.h">
      <Filter>98.Utils</Filter>
    </ClInclude>
    <ClInclude Include="..\public\VIBuffer.h">
      <Filter>01.Utiltiy\04.Component\03.Buffer\Base</Filter>
    </ClInclude>
    <ClInclude Include="..\Public\VIBuffer_Instance.h">
      <Filter>01.Utiltiy\04.Component\03.Buffer\Instance</Filter>
    </ClInclude>
    <ClInclude Include="..\Public\NavMeshAgent.h">
      <Filter>01.Utiltiy\04.Component\10.NavMeshAgent</Filter>
    </ClInclude>
    <ClInclude Include="..\Public\Cell.h">
      <Filter>01.Utiltiy\04.Component\10.NavMeshAgent\Cell</Filter>
    </ClInclude>
    <ClInclude Include="..\Public\ShaderManager.h">
      <Filter>01.Utiltiy\01.Managers\07.ShaderManager</Filter>
    </ClInclude>
    <ClInclude Include="..\Public\StructuredBuffer.h">
      <Filter>01.Utiltiy\04.Component\03.Buffer\StructuredBuffer</Filter>
    </ClInclude>
    <ClInclude Include="..\Public\TargetManager.h">
      <Filter>00.System\03.Deffered\00.TargetManager</Filter>
    </ClInclude>
    <ClInclude Include="..\..\..\..\..\Downloads\Framework\Engine\Public\RenderTarget.h">
      <Filter>00.System\03.Deffered\01.RenderTarget</Filter>
    </ClInclude>
    <ClInclude Include="..\Public\LightManager.h">
      <Filter>01.Utiltiy\01.Managers\05.LightManager</Filter>
    </ClInclude>
    <ClInclude Include="..\Public\Light.h">
      <Filter>01.Utiltiy\04.Component\11.Light</Filter>
    </ClInclude>
    <ClInclude Include="..\Public\SoundManager.h">
      <Filter>01.Utiltiy\01.Managers\08.SoundManager</Filter>
    </ClInclude>
    <ClInclude Include="..\Public\FMOD\fmod.h">
      <Filter>00.System\01.Device\02.Sound\FMOD</Filter>
    </ClInclude>
    <ClInclude Include="..\Public\FMOD\fmod.hpp">
      <Filter>00.System\01.Device\02.Sound\FMOD</Filter>
    </ClInclude>
    <ClInclude Include="..\Public\FMOD\fmod_codec.h">
      <Filter>00.System\01.Device\02.Sound\FMOD</Filter>
    </ClInclude>
    <ClInclude Include="..\Public\FMOD\fmod_common.h">
      <Filter>00.System\01.Device\02.Sound\FMOD</Filter>
    </ClInclude>
    <ClInclude Include="..\Public\FMOD\fmod_dsp.h">
      <Filter>00.System\01.Device\02.Sound\FMOD</Filter>
    </ClInclude>
    <ClInclude Include="..\Public\FMOD\fmod_dsp_effects.h">
      <Filter>00.System\01.Device\02.Sound\FMOD</Filter>
    </ClInclude>
    <ClInclude Include="..\Public\FMOD\fmod_errors.h">
      <Filter>00.System\01.Device\02.Sound\FMOD</Filter>
    </ClInclude>
    <ClInclude Include="..\Public\FMOD\fmod_output.h">
      <Filter>00.System\01.Device\02.Sound\FMOD</Filter>
    </ClInclude>
    <ClInclude Include="..\Public\VIBuffer_Sphere.h">
      <Filter>01.Utiltiy\04.Component\03.Buffer\Sphere</Filter>
    </ClInclude>
    <ClInclude Include="..\Public\NSHelper.h">
      <Filter>01.Utiltiy\04.Component\10.NavMeshAgent\NSHelper</Filter>
    </ClInclude>
    <ClInclude Include="..\Public\Obstacle.h">
      <Filter>01.Utiltiy\04.Component\10.NavMeshAgent</Filter>
    </ClInclude>
    <ClInclude Include="..\Public\fpm\fixed.hpp">
      <Filter>98.Utils</Filter>
    </ClInclude>
    <ClInclude Include="..\Public\fpm\ios.hpp">
      <Filter>98.Utils</Filter>
    </ClInclude>
    <ClInclude Include="..\Public\fpm\math.hpp">
      <Filter>98.Utils</Filter>
    </ClInclude>
    <ClInclude Include="..\Public\Delegate.h">
      <Filter>98.Utils</Filter>
    </ClInclude>
  </ItemGroup>
  <ItemGroup>
    <ClCompile Include="..\private\Base.cpp">
      <Filter>01.Utiltiy\99.Super</Filter>
    </ClCompile>
    <ClCompile Include="..\Private\Timer.cpp">
      <Filter>00.System\00.Timer</Filter>
    </ClCompile>
    <ClCompile Include="..\Private\TimerManager.cpp">
      <Filter>00.System\00.Timer\Manager</Filter>
    </ClCompile>
    <ClCompile Include="..\Private\GraphicDevice.cpp">
      <Filter>00.System\01.Device\00.Graphic</Filter>
    </ClCompile>
    <ClCompile Include="..\private\GameInstance.cpp">
      <Filter>01.Utiltiy\00.GameInstance</Filter>
    </ClCompile>
    <ClCompile Include="..\private\Level.cpp">
      <Filter>01.Utiltiy\02.Level</Filter>
    </ClCompile>
    <ClCompile Include="..\private\Layer.cpp">
      <Filter>01.Utiltiy\02.Level\Layer</Filter>
    </ClCompile>
    <ClCompile Include="..\private\Renderer.cpp">
      <Filter>01.Utiltiy\04.Component\05.Renderer</Filter>
    </ClCompile>
    <ClCompile Include="..\private\ComponentManager.cpp">
      <Filter>01.Utiltiy\01.Managers\02.ComponentManager</Filter>
    </ClCompile>
    <ClCompile Include="..\private\VIBuffer_Rect.cpp">
      <Filter>01.Utiltiy\04.Component\03.Buffer\Rect</Filter>
    </ClCompile>
    <ClCompile Include="..\private\Shader.cpp">
      <Filter>01.Utiltiy\04.Component\04.Shader</Filter>
    </ClCompile>
    <ClCompile Include="..\private\Texture.cpp">
      <Filter>01.Utiltiy\04.Component\06.Texture</Filter>
    </ClCompile>
    <ClCompile Include="..\Private\MonoBehaviour.cpp">
      <Filter>01.Utiltiy\04.Component\02.MonoBehaviour</Filter>
    </ClCompile>
    <ClCompile Include="..\private\Component.cpp">
      <Filter>01.Utiltiy\04.Component\00.ComponentBase</Filter>
    </ClCompile>
    <ClCompile Include="..\Private\SimpleMath.cpp">
      <Filter>98.Utils</Filter>
    </ClCompile>
    <ClCompile Include="..\Private\Utils.cpp">
      <Filter>98.Utils</Filter>
    </ClCompile>
    <ClCompile Include="..\Private\Engine_Struct.cpp">
      <Filter>99.Defines</Filter>
    </ClCompile>
    <ClCompile Include="..\Private\Camera.cpp">
      <Filter>01.Utiltiy\04.Component\07.Camera</Filter>
    </ClCompile>
    <ClCompile Include="..\private\LevelManager.cpp">
      <Filter>01.Utiltiy\01.Managers\00.LevelManager</Filter>
    </ClCompile>
    <ClCompile Include="..\private\ObjectManager.cpp">
      <Filter>01.Utiltiy\01.Managers\01.ObjectManager</Filter>
    </ClCompile>
    <ClCompile Include="..\Private\Terrain.cpp">
      <Filter>01.Utiltiy\04.Component\08.Terrain</Filter>
    </ClCompile>
    <ClCompile Include="..\Private\FileUtils.cpp">
      <Filter>98.Utils</Filter>
    </ClCompile>
    <ClCompile Include="..\private\GameObject.cpp">
      <Filter>01.Utiltiy\03.GameObjects\00.GameObjectBase</Filter>
    </ClCompile>
    <ClCompile Include="..\Private\InputDevice.cpp">
      <Filter>00.System\01.Device\01.Input</Filter>
    </ClCompile>
    <ClCompile Include="..\Private\EventManager.cpp">
      <Filter>01.Utiltiy\01.Managers\03.EventManager</Filter>
    </ClCompile>
    <ClCompile Include="..\Private\Transform.cpp">
      <Filter>01.Utiltiy\04.Component\01.Transform</Filter>
    </ClCompile>
    <ClCompile Include="..\Private\VIBuffer_Cube.cpp">
      <Filter>01.Utiltiy\04.Component\03.Buffer\Cube</Filter>
    </ClCompile>
    <ClCompile Include="..\Private\MurmurHash3.cpp">
      <Filter>98.Utils</Filter>
    </ClCompile>
    <ClCompile Include="..\Private\KeyManager.cpp">
      <Filter>00.System\02.KeyManager</Filter>
    </ClCompile>
    <ClCompile Include="..\Private\PipeLine.cpp">
      <Filter>01.Utiltiy\01.Managers\04.PipeLine</Filter>
    </ClCompile>
    <ClCompile Include="..\Private\VIBuffer_Grid.cpp">
      <Filter>01.Utiltiy\04.Component\03.Buffer\Debug</Filter>
    </ClCompile>
    <ClCompile Include="..\Private\DebugDraw.cpp">
      <Filter>98.Utils</Filter>
    </ClCompile>
    <ClCompile Include="..\Private\Model.cpp">
      <Filter>01.Utiltiy\04.Component\09.Model</Filter>
    </ClCompile>
    <ClCompile Include="..\Private\Mesh.cpp">
      <Filter>01.Utiltiy\04.Component\09.Model\01.Mesh</Filter>
    </ClCompile>
    <ClCompile Include="..\Private\Bone.cpp">
      <Filter>01.Utiltiy\04.Component\09.Model\00.Bone</Filter>
    </ClCompile>
    <ClCompile Include="..\Private\Animation.cpp">
      <Filter>01.Utiltiy\04.Component\09.Model\02.Animation\Animation</Filter>
    </ClCompile>
    <ClCompile Include="..\Private\Channel.cpp">
      <Filter>01.Utiltiy\04.Component\09.Model\02.Animation\Channel</Filter>
    </ClCompile>
    <ClCompile Include="..\Private\Socket.cpp">
      <Filter>01.Utiltiy\04.Component\09.Model\00.Bone\Socket</Filter>
    </ClCompile>
    <ClCompile Include="..\Private\CameraManager.cpp">
      <Filter>01.Utiltiy\01.Managers\06.CameraManager</Filter>
    </ClCompile>
    <ClCompile Include="..\private\VIBuffer.cpp">
      <Filter>01.Utiltiy\04.Component\03.Buffer\Base</Filter>
    </ClCompile>
    <ClCompile Include="..\Private\VIBuffer_Instance.cpp">
      <Filter>01.Utiltiy\04.Component\03.Buffer\Instance</Filter>
    </ClCompile>
    <ClCompile Include="..\Private\NavMeshAgent.cpp">
      <Filter>01.Utiltiy\04.Component\10.NavMeshAgent</Filter>
    </ClCompile>
    <ClCompile Include="..\Private\Cell.cpp">
      <Filter>01.Utiltiy\04.Component\10.NavMeshAgent\Cell</Filter>
    </ClCompile>
    <ClCompile Include="..\Private\ShaderManager.cpp">
      <Filter>01.Utiltiy\01.Managers\07.ShaderManager</Filter>
    </ClCompile>
    <ClCompile Include="..\Private\StructuredBuffer.cpp">
      <Filter>01.Utiltiy\04.Component\03.Buffer\StructuredBuffer</Filter>
    </ClCompile>
    <ClCompile Include="..\Private\TargetManager.cpp">
      <Filter>00.System\03.Deffered\00.TargetManager</Filter>
    </ClCompile>
    <ClCompile Include="..\Private\RenderTarget.cpp">
      <Filter>00.System\03.Deffered\01.RenderTarget</Filter>
    </ClCompile>
    <ClCompile Include="..\Private\LightManager.cpp">
      <Filter>01.Utiltiy\01.Managers\05.LightManager</Filter>
    </ClCompile>
    <ClCompile Include="..\Private\Light.cpp">
      <Filter>01.Utiltiy\04.Component\11.Light</Filter>
    </ClCompile>
    <ClCompile Include="..\Private\SoundManager.cpp">
      <Filter>01.Utiltiy\01.Managers\08.SoundManager</Filter>
    </ClCompile>
    <ClCompile Include="..\Private\VIBuffer_Sphere.cpp">
      <Filter>01.Utiltiy\04.Component\03.Buffer\Sphere</Filter>
    </ClCompile>
    <ClCompile Include="..\Private\NSHelper.cpp">
      <Filter>01.Utiltiy\04.Component\10.NavMeshAgent\NSHelper</Filter>
    </ClCompile>
  </ItemGroup>
  <ItemGroup>
    <None Include="..\Public\SimpleMath.inl">
      <Filter>98.Utils</Filter>
    </None>
    <None Include="..\Public\FMOD\fmod.cs">
      <Filter>00.System\01.Device\02.Sound\FMOD</Filter>
    </None>
    <None Include="..\Public\FMOD\fmod_dsp.cs">
      <Filter>00.System\01.Device\02.Sound\FMOD</Filter>
    </None>
    <None Include="..\Public\FMOD\fmod_errors.cs">
      <Filter>00.System\01.Device\02.Sound\FMOD</Filter>
    </None>
  </ItemGroup>
  <ItemGroup>
    <FxCompile Include="..\Bin\ShaderFiles\Shader_Deferred.hlsl">
      <Filter>01.Utiltiy\04.Component\04.Shader\ShaderFiles</Filter>
    </FxCompile>
    <FxCompile Include="..\Bin\ShaderFiles\Engine_Shader_Defines.hlsl">
      <Filter>01.Utiltiy\04.Component\04.Shader\ShaderFiles</Filter>
    </FxCompile>
  </ItemGroup>
</Project>