<?xml version="1.0" encoding="utf-8"?>
<Project ToolsVersion="4.0" xmlns="http://schemas.microsoft.com/developer/msbuild/2003">
  <ItemGroup>
    <Filter Include="98.Default">
      <UniqueIdentifier>{068ac4ae-308f-439b-8a7d-d5b077bfb9ee}</UniqueIdentifier>
    </Filter>
    <Filter Include="99.Defines">
      <UniqueIdentifier>{2bded693-1033-4e35-ab2d-2f7f292e232a}</UniqueIdentifier>
    </Filter>
    <Filter Include="00.MainApp">
      <UniqueIdentifier>{016817f4-efd3-4ed6-ba0e-c59d21242465}</UniqueIdentifier>
    </Filter>
    <Filter Include="01.Levels">
      <UniqueIdentifier>{9927bfef-90a5-4e11-8212-cacd67d008c7}</UniqueIdentifier>
    </Filter>
    <Filter Include="01.Levels\00.Logo">
      <UniqueIdentifier>{f7bf0f5d-9c1a-409d-ba96-8f25a183dad7}</UniqueIdentifier>
    </Filter>
    <Filter Include="01.Levels\01.GamePlay">
      <UniqueIdentifier>{001c8170-e0a0-429b-96c3-38ac67fa7a9c}</UniqueIdentifier>
    </Filter>
    <Filter Include="01.Levels\99.Loading">
      <UniqueIdentifier>{d3df9124-96f6-4c1d-a02e-1d2d51e29c9b}</UniqueIdentifier>
    </Filter>
    <Filter Include="01.Levels\99.Loading\Loader">
      <UniqueIdentifier>{04c05968-cb34-4cec-89e2-639b898c25fc}</UniqueIdentifier>
    </Filter>
    <Filter Include="97.ShaderFiles">
      <UniqueIdentifier>{a631185a-1555-4b19-8534-272c809d77b7}</UniqueIdentifier>
    </Filter>
    <Filter Include="01.Levels\02.GameTool">
      <UniqueIdentifier>{0ddb6f36-aab9-4683-8131-d89aef354c4b}</UniqueIdentifier>
    </Filter>
    <Filter Include="01.Levels\02.GameTool\ImGUI">
      <UniqueIdentifier>{0750d5ff-76a3-4d8d-b06d-a7f58ab341ea}</UniqueIdentifier>
    </Filter>
    <Filter Include="01.Levels\02.GameTool\View">
      <UniqueIdentifier>{6c765137-c226-4bbb-b3bd-6e7922a9b843}</UniqueIdentifier>
    </Filter>
    <Filter Include="01.Levels\02.GameTool\View\DataFilesView">
      <UniqueIdentifier>{66f7e3a7-467b-497d-9833-b00708cdaf9c}</UniqueIdentifier>
    </Filter>
    <Filter Include="01.Levels\02.GameTool\View\LayerView">
      <UniqueIdentifier>{e8297b84-e47e-4349-9297-d86c1c376c01}</UniqueIdentifier>
    </Filter>
    <Filter Include="01.Levels\02.GameTool\View\PrefabsView">
      <UniqueIdentifier>{16c8a98b-47ea-4c7b-8334-f9880d99f349}</UniqueIdentifier>
    </Filter>
    <Filter Include="01.Levels\02.GameTool\View\TransformView">
      <UniqueIdentifier>{b46c1ed3-d354-4b4d-a943-ef92ca7c4781}</UniqueIdentifier>
    </Filter>
    <Filter Include="01.Levels\02.GameTool\Mediator">
      <UniqueIdentifier>{1182e448-9f3a-4696-9518-0160744598f8}</UniqueIdentifier>
    </Filter>
    <Filter Include="01.Levels\02.GameTool\View\ViewBase">
      <UniqueIdentifier>{0bf6b0f8-774d-4ce2-b52b-07a8a7d02bb1}</UniqueIdentifier>
    </Filter>
    <Filter Include="03.GameObjects">
      <UniqueIdentifier>{d435cd37-10c5-4f6c-a2f1-ee72504bbb59}</UniqueIdentifier>
    </Filter>
    <Filter Include="02.ClientManagers">
      <UniqueIdentifier>{91592fbc-d0e9-4b34-a846-d3a78316b95d}</UniqueIdentifier>
    </Filter>
    <Filter Include="02.ClientManagers\00. DissolveManager">
      <UniqueIdentifier>{a6b76977-e714-49b4-abd7-42d081d38d26}</UniqueIdentifier>
    </Filter>
    <Filter Include="01.Levels\02.GameTool\View\AnimationView">
      <UniqueIdentifier>{13c85ca6-1738-412d-bdc4-c574d1d87906}</UniqueIdentifier>
    </Filter>
    <Filter Include="03.GameObjects\02.Monster">
      <UniqueIdentifier>{367a9a79-09c7-43f4-82e0-d3c6acf6d785}</UniqueIdentifier>
    </Filter>
    <Filter Include="03.GameObjects\02.Monster\CollisionTestCube">
      <UniqueIdentifier>{e292aea5-e692-4d18-9fff-2738cfc049d9}</UniqueIdentifier>
    </Filter>
    <Filter Include="03.GameObjects\02.Monster\CollisionTestCube\00.GameObject">
      <UniqueIdentifier>{b17b4c1b-b792-4db7-9b23-90940fce33a0}</UniqueIdentifier>
    </Filter>
    <Filter Include="03.GameObjects\02.Monster\CollisionTestCube\01.Script">
      <UniqueIdentifier>{55bff19f-cc5b-4634-997a-3cd2a3a214de}</UniqueIdentifier>
    </Filter>
    <Filter Include="03.GameObjects\00.Static">
      <UniqueIdentifier>{c4e8b885-4768-40de-8227-7c9b20688169}</UniqueIdentifier>
    </Filter>
    <Filter Include="03.GameObjects\00.Static\StaticTestCube">
      <UniqueIdentifier>{f5cd7116-71d1-4b30-9d70-4164654c1857}</UniqueIdentifier>
    </Filter>
    <Filter Include="03.GameObjects\00.Static\StaticTestCube\00.GameObject">
      <UniqueIdentifier>{ca36102f-589a-4126-8c1f-ea8ba8c4f083}</UniqueIdentifier>
    </Filter>
    <Filter Include="03.GameObjects\00.Static\StaticTestCube\01.Script">
      <UniqueIdentifier>{de5e19ca-de04-4b4b-955d-d8538e111663}</UniqueIdentifier>
    </Filter>
    <Filter Include="03.GameObjects\00.Static\StaticBase">
      <UniqueIdentifier>{1b05fad7-47fa-4638-b885-25a871718926}</UniqueIdentifier>
    </Filter>
    <Filter Include="03.GameObjects\00.Static\BasicTerrain">
      <UniqueIdentifier>{eb9b11a4-c3c9-4f3b-a50d-cbb0f833a983}</UniqueIdentifier>
    </Filter>
    <Filter Include="03.GameObjects\00.Static\BasicTerrain\GameObject">
      <UniqueIdentifier>{79a39662-8215-4a70-b672-949f35bc41ba}</UniqueIdentifier>
    </Filter>
    <Filter Include="03.GameObjects\00.Static\BasicTerrain\Script">
      <UniqueIdentifier>{c8081918-9961-4612-a3ca-15cf00eb28a3}</UniqueIdentifier>
    </Filter>
    <Filter Include="03.GameObjects\01.Playable">
      <UniqueIdentifier>{5dff5009-41f4-424a-bffb-51a193eb5a78}</UniqueIdentifier>
    </Filter>
    <Filter Include="03.GameObjects\01.Playable\TempCube">
      <UniqueIdentifier>{23a6e04a-e4fc-4b28-b63a-f5716d9f8432}</UniqueIdentifier>
    </Filter>
    <Filter Include="03.GameObjects\01.Playable\TempCube\01.Script">
      <UniqueIdentifier>{f2e7a9aa-968f-4f22-a126-803d09d5cdd2}</UniqueIdentifier>
    </Filter>
    <Filter Include="03.GameObjects\01.Playable\TempCube\00.GameObject">
      <UniqueIdentifier>{19ba0693-056c-4617-a870-a8b73617aef6}</UniqueIdentifier>
    </Filter>
    <Filter Include="03.GameObjects\01.Playable\00.P_Strife">
      <UniqueIdentifier>{0fbf463f-1bb6-4749-a99e-32622afe4f0e}</UniqueIdentifier>
    </Filter>
    <Filter Include="03.GameObjects\01.Playable\00.P_Strife\Script">
      <UniqueIdentifier>{cc513126-8d06-4a05-86f2-19b84d62430f}</UniqueIdentifier>
    </Filter>
    <Filter Include="03.GameObjects\99.BackGround">
      <UniqueIdentifier>{327a42a0-45f0-4b4d-b8cd-bb209baedc94}</UniqueIdentifier>
    </Filter>
    <Filter Include="03.GameObjects\98.Camera">
      <UniqueIdentifier>{548fcad8-b15c-480f-be95-7ac6cffde6c8}</UniqueIdentifier>
    </Filter>
    <Filter Include="03.GameObjects\98.Camera\00.FlyingCamera">
      <UniqueIdentifier>{58335612-64ea-4fb8-9646-d008b3eaed74}</UniqueIdentifier>
    </Filter>
    <Filter Include="03.GameObjects\98.Camera\00.FlyingCamera\GameObject">
      <UniqueIdentifier>{bdcf4e26-ba9b-418c-93cf-9fe79e0e688c}</UniqueIdentifier>
    </Filter>
    <Filter Include="03.GameObjects\98.Camera\00.FlyingCamera\Script">
      <UniqueIdentifier>{dd15396f-49de-4631-a0d5-97aa141723a3}</UniqueIdentifier>
    </Filter>
    <Filter Include="03.GameObjects\98.Camera\01.MainCamera">
      <UniqueIdentifier>{957dc45a-e064-4c63-a0de-15a961b42e61}</UniqueIdentifier>
    </Filter>
    <Filter Include="03.GameObjects\98.Camera\01.MainCamera\GameObject">
      <UniqueIdentifier>{939637c6-34cf-4fda-b60b-f7891e65c8c2}</UniqueIdentifier>
    </Filter>
    <Filter Include="03.GameObjects\98.Camera\01.MainCamera\Script">
      <UniqueIdentifier>{5c7e68d7-8b95-4ea2-868c-2f65d5a1612c}</UniqueIdentifier>
    </Filter>
    <Filter Include="03.GameObjects\01.Playable\00.P_Strife\State">
      <UniqueIdentifier>{70859d86-9931-4177-b022-ff101db9f0c0}</UniqueIdentifier>
    </Filter>
    <Filter Include="03.GameObjects\01.Playable\00.P_Strife\State\00.Idle">
      <UniqueIdentifier>{39b34663-ef83-4fe2-9eb2-132c783c9e32}</UniqueIdentifier>
    </Filter>
    <Filter Include="03.GameObjects\01.Playable\00.P_Strife\State\01.Run">
      <UniqueIdentifier>{9c0cd635-02f3-42c6-9316-ebd23f49ee80}</UniqueIdentifier>
    </Filter>
    <Filter Include="03.GameObjects\01.Playable\00.P_Strife\State\03.Jump">
      <UniqueIdentifier>{5ed3e432-9bcf-4a33-9d14-5527d4bd1864}</UniqueIdentifier>
    </Filter>
    <Filter Include="03.GameObjects\01.Playable\00.P_Strife\State\04.Dash">
      <UniqueIdentifier>{c6c83032-262d-4c93-9e18-2f36a6b15849}</UniqueIdentifier>
    </Filter>
    <Filter Include="03.GameObjects\01.Playable\00.P_Strife\Ammo">
      <UniqueIdentifier>{44d0eb6d-1b6d-4731-8770-291a16644535}</UniqueIdentifier>
    </Filter>
    <Filter Include="03.GameObjects\01.Playable\00.P_Strife\Ammo\Base">
      <UniqueIdentifier>{254b5cf2-ca93-45d5-b979-bc4eb8e8c205}</UniqueIdentifier>
    </Filter>
    <Filter Include="01.Levels\02.GameTool\View\NavMeshView">
      <UniqueIdentifier>{c6dc7fa4-a266-4b6f-98b6-de967c3ebeea}</UniqueIdentifier>
    </Filter>
    <Filter Include="03.GameObjects\02.Monster\Script">
      <UniqueIdentifier>{b89f1ef8-48f4-4cde-9a89-2548fc76681c}</UniqueIdentifier>
    </Filter>
    <Filter Include="03.GameObjects\05.Particle">
      <UniqueIdentifier>{12377550-5943-4235-a460-ed11c4fa3ea9}</UniqueIdentifier>
    </Filter>
    <Filter Include="03.GameObjects\05.Particle\Script">
      <UniqueIdentifier>{235fcff1-0585-4907-82ad-8450231857f3}</UniqueIdentifier>
    </Filter>
    <Filter Include="03.GameObjects\01.Playable\00.P_Strife\MotionTrail">
      <UniqueIdentifier>{c9d6acb2-b31e-4b9c-9e63-eea59647ce87}</UniqueIdentifier>
    </Filter>
    <Filter Include="03.GameObjects\00.Static\SkyBox">
      <UniqueIdentifier>{f4a2fcae-ca40-4f7a-bed8-a4f0c9f40e69}</UniqueIdentifier>
    </Filter>
    <Filter Include="03.GameObjects\05.Particle\Particle">
      <UniqueIdentifier>{a3e64665-a652-4752-bc78-eade768fb7bc}</UniqueIdentifier>
    </Filter>
    <Filter Include="03.GameObjects\00.Static\StaticScene">
      <UniqueIdentifier>{29654f1c-3463-4ee1-a341-7d0cc73610ad}</UniqueIdentifier>
    </Filter>
  </ItemGroup>
  <ItemGroup>
    <Text Include="ReadMe.txt" />
  </ItemGroup>
  <ItemGroup>
    <ClInclude Include="Client.h">
      <Filter>98.Default</Filter>
    </ClInclude>
    <ClInclude Include="Resource.h">
      <Filter>98.Default</Filter>
    </ClInclude>
    <ClInclude Include="stdafx.h">
      <Filter>98.Default</Filter>
    </ClInclude>
    <ClInclude Include="targetver.h">
      <Filter>98.Default</Filter>
    </ClInclude>
    <ClInclude Include="..\public\MainApp.h">
      <Filter>00.MainApp</Filter>
    </ClInclude>
    <ClInclude Include="..\Public\Client_Defines.h">
      <Filter>99.Defines</Filter>
    </ClInclude>
    <ClInclude Include="..\public\Level_Logo.h">
      <Filter>01.Levels\00.Logo</Filter>
    </ClInclude>
    <ClInclude Include="..\Public\Level_GamePlay.h">
      <Filter>01.Levels\01.GamePlay</Filter>
    </ClInclude>
    <ClInclude Include="..\Public\Level_Loading.h">
      <Filter>01.Levels\99.Loading</Filter>
    </ClInclude>
    <ClInclude Include="..\public\Loader.h">
      <Filter>01.Levels\99.Loading\Loader</Filter>
    </ClInclude>
    <ClInclude Include="..\Public\Level_GameTool.h">
      <Filter>01.Levels\02.GameTool</Filter>
    </ClInclude>
    <ClInclude Include="..\Public\ImGUI\imconfig.h">
      <Filter>01.Levels\02.GameTool\ImGUI</Filter>
    </ClInclude>
    <ClInclude Include="..\Public\ImGUI\imgui.h">
      <Filter>01.Levels\02.GameTool\ImGUI</Filter>
    </ClInclude>
    <ClInclude Include="..\Public\ImGUI\imgui_impl_dx11.h">
      <Filter>01.Levels\02.GameTool\ImGUI</Filter>
    </ClInclude>
    <ClInclude Include="..\Public\ImGUI\imgui_impl_win32.h">
      <Filter>01.Levels\02.GameTool\ImGUI</Filter>
    </ClInclude>
    <ClInclude Include="..\Public\ImGUI\imgui_internal.h">
      <Filter>01.Levels\02.GameTool\ImGUI</Filter>
    </ClInclude>
    <ClInclude Include="..\Public\ImGUI\imstb_rectpack.h">
      <Filter>01.Levels\02.GameTool\ImGUI</Filter>
    </ClInclude>
    <ClInclude Include="..\Public\ImGUI\imstb_textedit.h">
      <Filter>01.Levels\02.GameTool\ImGUI</Filter>
    </ClInclude>
    <ClInclude Include="..\Public\ImGUI\imstb_truetype.h">
      <Filter>01.Levels\02.GameTool\ImGUI</Filter>
    </ClInclude>
    <ClInclude Include="..\Public\TempCube.h">
      <Filter>03.GameObjects\01.Playable\TempCube\00.GameObject</Filter>
    </ClInclude>
    <ClInclude Include="..\Public\CollisionTest.h">
      <Filter>03.GameObjects\02.Monster\CollisionTestCube\00.GameObject</Filter>
    </ClInclude>
    <ClInclude Include="..\Public\TestAIController.h">
      <Filter>03.GameObjects\02.Monster\CollisionTestCube\01.Script</Filter>
    </ClInclude>
    <ClInclude Include="..\Public\FlyingCamera.h">
      <Filter>03.GameObjects\98.Camera\00.FlyingCamera\GameObject</Filter>
    </ClInclude>
    <ClInclude Include="..\Public\FlyingCameraController.h">
      <Filter>03.GameObjects\98.Camera\00.FlyingCamera\Script</Filter>
    </ClInclude>
    <ClInclude Include="..\Public\BasicTerrain.h">
      <Filter>03.GameObjects\00.Static\BasicTerrain\GameObject</Filter>
    </ClInclude>
    <ClInclude Include="..\Public\DebugTerrainGrid.h">
      <Filter>03.GameObjects\00.Static\BasicTerrain\Script</Filter>
    </ClInclude>
    <ClInclude Include="..\Public\StaticTest.h">
      <Filter>03.GameObjects\00.Static\StaticTestCube\00.GameObject</Filter>
    </ClInclude>
    <ClInclude Include="..\Public\PrefabsView.h">
      <Filter>01.Levels\02.GameTool\View\PrefabsView</Filter>
    </ClInclude>
    <ClInclude Include="..\Public\View.h">
      <Filter>01.Levels\02.GameTool\View\ViewBase</Filter>
    </ClInclude>
    <ClInclude Include="..\Public\StaticBase.h">
      <Filter>03.GameObjects\00.Static\StaticBase</Filter>
    </ClInclude>
    <ClInclude Include="..\Public\LayersView.h">
      <Filter>01.Levels\02.GameTool\View\LayerView</Filter>
    </ClInclude>
    <ClInclude Include="..\Public\TransformView.h">
      <Filter>01.Levels\02.GameTool\View\TransformView</Filter>
    </ClInclude>
    <ClInclude Include="..\Public\ViewMediator.h">
      <Filter>01.Levels\02.GameTool\Mediator</Filter>
    </ClInclude>
    <ClInclude Include="..\Public\SaveLoadView.h">
      <Filter>01.Levels\02.GameTool\View\DataFilesView</Filter>
    </ClInclude>
    <ClInclude Include="..\Public\DissolveManager.h">
      <Filter>02.ClientManagers\00. DissolveManager</Filter>
    </ClInclude>
    <ClInclude Include="..\public\BackGround.h">
      <Filter>03.GameObjects\99.BackGround</Filter>
    </ClInclude>
    <ClInclude Include="..\Public\AnimationView.h">
      <Filter>01.Levels\02.GameTool\View\AnimationView</Filter>
    </ClInclude>
    <ClInclude Include="..\Public\P_Strife.h">
      <Filter>03.GameObjects\01.Playable\00.P_Strife</Filter>
    </ClInclude>
    <ClInclude Include="..\Public\MainCamera.h">
      <Filter>03.GameObjects\98.Camera\01.MainCamera\GameObject</Filter>
    </ClInclude>
    <ClInclude Include="..\Public\MainCameraController.h">
      <Filter>03.GameObjects\98.Camera\01.MainCamera\Script</Filter>
    </ClInclude>
    <ClInclude Include="..\Public\PlayerController.h">
      <Filter>03.GameObjects\01.Playable\00.P_Strife\Script</Filter>
    </ClInclude>
    <ClInclude Include="..\Public\P_Strife_State_Idle.h">
      <Filter>03.GameObjects\01.Playable\00.P_Strife\State\00.Idle</Filter>
    </ClInclude>
    <ClInclude Include="..\Public\P_Strife_State_Run.h">
      <Filter>03.GameObjects\01.Playable\00.P_Strife\State\01.Run</Filter>
    </ClInclude>
    <ClInclude Include="..\Public\P_Strife_State_Dash.h">
      <Filter>03.GameObjects\01.Playable\00.P_Strife\State\04.Dash</Filter>
    </ClInclude>
    <ClInclude Include="..\Public\P_Strife_State_Jump.h">
      <Filter>03.GameObjects\01.Playable\00.P_Strife\State\03.Jump</Filter>
    </ClInclude>
    <ClInclude Include="..\Public\NavMeshView.h">
      <Filter>01.Levels\02.GameTool\View\NavMeshView</Filter>
    </ClInclude>
    <ClInclude Include="..\Public\DebugDraw.h">
      <Filter>99.Defines</Filter>
    </ClInclude>
    <ClInclude Include="..\Public\SkyBox.h">
      <Filter>03.GameObjects\00.Static\SkyBox</Filter>
    </ClInclude>
    <ClInclude Include="..\Public\StaticScene.h">
      <Filter>03.GameObjects\00.Static\StaticScene</Filter>
    </ClInclude>
  </ItemGroup>
  <ItemGroup>
    <ClCompile Include="Client.cpp">
      <Filter>98.Default</Filter>
    </ClCompile>
    <ClCompile Include="stdafx.cpp">
      <Filter>98.Default</Filter>
    </ClCompile>
    <ClCompile Include="..\private\MainApp.cpp">
      <Filter>00.MainApp</Filter>
    </ClCompile>
    <ClCompile Include="..\private\Level_Logo.cpp">
      <Filter>01.Levels\00.Logo</Filter>
    </ClCompile>
    <ClCompile Include="..\Private\Level_GamePlay.cpp">
      <Filter>01.Levels\01.GamePlay</Filter>
    </ClCompile>
    <ClCompile Include="..\Private\Level_Loading.cpp">
      <Filter>01.Levels\99.Loading</Filter>
    </ClCompile>
    <ClCompile Include="..\private\Loader.cpp">
      <Filter>01.Levels\99.Loading\Loader</Filter>
    </ClCompile>
    <ClCompile Include="..\private\BackGround.cpp">
      <Filter>03.GameObjects\99.BackGround</Filter>
    </ClCompile>
    <ClCompile Include="..\Private\Level_GameTool.cpp">
      <Filter>01.Levels\02.GameTool</Filter>
    </ClCompile>
    <ClCompile Include="..\Public\ImGUI\imgui.cpp">
      <Filter>01.Levels\02.GameTool\ImGUI</Filter>
    </ClCompile>
    <ClCompile Include="..\Public\ImGUI\imgui_demo.cpp">
      <Filter>01.Levels\02.GameTool\ImGUI</Filter>
    </ClCompile>
    <ClCompile Include="..\Public\ImGUI\imgui_draw.cpp">
      <Filter>01.Levels\02.GameTool\ImGUI</Filter>
    </ClCompile>
    <ClCompile Include="..\Public\ImGUI\imgui_impl_dx11.cpp">
      <Filter>01.Levels\02.GameTool\ImGUI</Filter>
    </ClCompile>
    <ClCompile Include="..\Public\ImGUI\imgui_impl_win32.cpp">
      <Filter>01.Levels\02.GameTool\ImGUI</Filter>
    </ClCompile>
    <ClCompile Include="..\Public\ImGUI\imgui_tables.cpp">
      <Filter>01.Levels\02.GameTool\ImGUI</Filter>
    </ClCompile>
    <ClCompile Include="..\Public\ImGUI\imgui_widgets.cpp">
      <Filter>01.Levels\02.GameTool\ImGUI</Filter>
    </ClCompile>
    <ClCompile Include="..\Private\TempCube.cpp">
      <Filter>03.GameObjects\01.Playable\TempCube\00.GameObject</Filter>
    </ClCompile>
    <ClCompile Include="..\Private\CollisionTest.cpp">
      <Filter>03.GameObjects\02.Monster\CollisionTestCube\00.GameObject</Filter>
    </ClCompile>
    <ClCompile Include="..\Private\TestAIController.cpp">
      <Filter>03.GameObjects\02.Monster\CollisionTestCube\01.Script</Filter>
    </ClCompile>
    <ClCompile Include="..\Private\FlyingCamera.cpp">
      <Filter>03.GameObjects\98.Camera\00.FlyingCamera\GameObject</Filter>
    </ClCompile>
    <ClCompile Include="..\Private\FlyingCameraController.cpp">
      <Filter>03.GameObjects\98.Camera\00.FlyingCamera\Script</Filter>
    </ClCompile>
    <ClCompile Include="..\Private\BasicTerrain.cpp">
      <Filter>03.GameObjects\00.Static\BasicTerrain\GameObject</Filter>
    </ClCompile>
    <ClCompile Include="..\Private\DebugTerrainGrid.cpp">
      <Filter>03.GameObjects\00.Static\BasicTerrain\Script</Filter>
    </ClCompile>
    <ClCompile Include="..\Private\StaticTest.cpp">
      <Filter>03.GameObjects\00.Static\StaticTestCube\00.GameObject</Filter>
    </ClCompile>
    <ClCompile Include="..\Private\PrefabsView.cpp">
      <Filter>01.Levels\02.GameTool\View\PrefabsView</Filter>
    </ClCompile>
    <ClCompile Include="..\Private\View.cpp">
      <Filter>01.Levels\02.GameTool\View\ViewBase</Filter>
    </ClCompile>
    <ClCompile Include="..\Private\StaticBase.cpp">
      <Filter>03.GameObjects\00.Static\StaticBase</Filter>
    </ClCompile>
    <ClCompile Include="..\Private\LayersView.cpp">
      <Filter>01.Levels\02.GameTool\View\LayerView</Filter>
    </ClCompile>
    <ClCompile Include="..\Private\TransformView.cpp">
      <Filter>01.Levels\02.GameTool\View\TransformView</Filter>
    </ClCompile>
    <ClCompile Include="..\Private\ViewMediator.cpp">
      <Filter>01.Levels\02.GameTool\Mediator</Filter>
    </ClCompile>
    <ClCompile Include="..\Private\SaveLoadView.cpp">
      <Filter>01.Levels\02.GameTool\View\DataFilesView</Filter>
    </ClCompile>
    <ClCompile Include="..\Private\DissolveManager.cpp">
      <Filter>02.ClientManagers\00. DissolveManager</Filter>
    </ClCompile>
    <ClCompile Include="..\Private\AnimationView.cpp">
      <Filter>01.Levels\02.GameTool\View\AnimationView</Filter>
    </ClCompile>
    <ClCompile Include="..\Private\P_Strife.cpp">
      <Filter>03.GameObjects\01.Playable\00.P_Strife</Filter>
    </ClCompile>
    <ClCompile Include="..\Private\MainCamera.cpp">
      <Filter>03.GameObjects\98.Camera\01.MainCamera\GameObject</Filter>
    </ClCompile>
    <ClCompile Include="..\Private\MainCameraController.cpp">
      <Filter>03.GameObjects\98.Camera\01.MainCamera\Script</Filter>
    </ClCompile>
    <ClCompile Include="..\Private\PlayerController.cpp">
      <Filter>03.GameObjects\01.Playable\00.P_Strife\Script</Filter>
    </ClCompile>
    <ClCompile Include="..\Private\P_Strife_State_Idle.cpp">
      <Filter>03.GameObjects\01.Playable\00.P_Strife\State\00.Idle</Filter>
    </ClCompile>
    <ClCompile Include="..\Private\P_Strife_State_Run.cpp">
      <Filter>03.GameObjects\01.Playable\00.P_Strife\State\01.Run</Filter>
    </ClCompile>
    <ClCompile Include="..\Private\P_Strife_State_Dash.cpp">
      <Filter>03.GameObjects\01.Playable\00.P_Strife\State\04.Dash</Filter>
    </ClCompile>
    <ClCompile Include="..\Private\P_Strife_State_Jump.cpp">
      <Filter>03.GameObjects\01.Playable\00.P_Strife\State\03.Jump</Filter>
    </ClCompile>
    <ClCompile Include="..\Private\Strife_Ammo.cpp">
      <Filter>03.GameObjects\01.Playable\00.P_Strife\Ammo\Base</Filter>
    </ClCompile>
    <ClCompile Include="..\Private\NavMeshView.cpp">
      <Filter>01.Levels\02.GameTool\View\NavMeshView</Filter>
    </ClCompile>
    <ClCompile Include="..\Private\DebugDraw.cpp">
      <Filter>99.Defines</Filter>
    </ClCompile>
    <ClCompile Include="..\Private\SkyBox.cpp">
      <Filter>03.GameObjects\00.Static\SkyBox</Filter>
    </ClCompile>
    <ClCompile Include="..\Private\StaticScene.cpp">
      <Filter>03.GameObjects\00.Static\StaticScene</Filter>
    </ClCompile>
  </ItemGroup>
  <ItemGroup>
    <Image Include="Client.ico">
      <Filter>98.Default</Filter>
    </Image>
    <Image Include="small.ico">
      <Filter>98.Default</Filter>
    </Image>
  </ItemGroup>
  <ItemGroup>
    <ResourceCompile Include="Client.rc">
      <Filter>98.Default</Filter>
    </ResourceCompile>
  </ItemGroup>
  <ItemGroup>
    <FxCompile Include="..\Bin\ShaderFiles\Shader_VtxPosTex.hlsl">
      <Filter>97.ShaderFiles</Filter>
    </FxCompile>
    <FxCompile Include="..\Bin\ShaderFiles\Shader_VtxNorTex.hlsl">
      <Filter>97.ShaderFiles</Filter>
    </FxCompile>
    <FxCompile Include="..\Bin\ShaderFiles\Shader_VtxCubeTex.hlsl">
      <Filter>97.ShaderFiles</Filter>
    </FxCompile>
    <FxCompile Include="..\Bin\ShaderFiles\Shader_VtxCubeNom.hlsl">
      <Filter>97.ShaderFiles</Filter>
    </FxCompile>
    <FxCompile Include="..\Bin\ShaderFiles\Shader_VtxDebug.hlsl">
      <Filter>97.ShaderFiles</Filter>
    </FxCompile>
    <FxCompile Include="..\Bin\ShaderFiles\Shader_VtxMesh.hlsl">
      <Filter>97.ShaderFiles</Filter>
    </FxCompile>
    <FxCompile Include="..\Bin\ShaderFiles\Shader_VtxAnimMesh.hlsl">
      <Filter>97.ShaderFiles</Filter>
    </FxCompile>
    <FxCompile Include="..\Bin\ShaderFiles\Shader_Lighting_Functions.hlsl">
      <Filter>97.ShaderFiles</Filter>
    </FxCompile>
    <FxCompile Include="..\Bin\ShaderFiles\Shader_VtxTexFetchAnim.hlsl">
      <Filter>97.ShaderFiles</Filter>
    </FxCompile>
    <FxCompile Include="..\Bin\ShaderFiles\Matrix.hlsl">
      <Filter>97.ShaderFiles</Filter>
    </FxCompile>
    <FxCompile Include="..\Bin\ShaderFiles\Shader_VtxAnimInstancing.hlsl">
      <Filter>97.ShaderFiles</Filter>
    </FxCompile>
    <FxCompile Include="..\Bin\ShaderFiles\Client_Shader_Defines.hlsl">
      <Filter>97.ShaderFiles</Filter>
    </FxCompile>
    <FxCompile Include="..\Bin\ShaderFiles\Shader_VtxNonAnimInstancing.hlsl">
      <Filter>97.ShaderFiles</Filter>
    </FxCompile>
    <FxCompile Include="..\Bin\ShaderFiles\Shader_Point_Instance.hlsl">
      <Filter>97.ShaderFiles</Filter>
    </FxCompile>
    <FxCompile Include="..\Bin\ShaderFiles\Shader_ComputeParticles.hlsl">
      <Filter>97.ShaderFiles</Filter>
    </FxCompile>
    <FxCompile Include="..\Bin\ShaderFiles\Shader_ParticleSystem_Draw.hlsl">
      <Filter>97.ShaderFiles</Filter>
    </FxCompile>
    <FxCompile Include="..\Bin\ShaderFiles\Shader_ParticleSystem_Stream.hlsl">
      <Filter>97.ShaderFiles</Filter>
    </FxCompile>
  </ItemGroup>
</Project>